
Microsoft Visual Studio Solution File, Format Version 12.00
# Visual Studio Version 17
VisualStudioVersion = 17.11.35208.52
MinimumVisualStudioVersion = 10.0.40219.1
Project("{FAE04EC0-301F-11D3-BF4B-00C04F79EFBC}") = "projeto estrutura de repeticao", "projeto estrutura de repeticao.csproj", "{4CF3B76E-3521-4B2B-861C-E04D5FF00151}"
EndProject
Global
	GlobalSection(SolutionConfigurationPlatforms) = preSolution
		Debug|Any CPU = Debug|Any CPU
		Release|Any CPU = Release|Any CPU
	EndGlobalSection
	GlobalSection(ProjectConfigurationPlatforms) = postSolution
		{4CF3B76E-3521-4B2B-861C-E04D5FF00151}.Debug|Any CPU.ActiveCfg = Debug|Any CPU
		{4CF3B76E-3521-4B2B-861C-E04D5FF00151}.Debug|Any CPU.Build.0 = Debug|Any CPU
		{4CF3B76E-3521-4B2B-861C-E04D5FF00151}.Release|Any CPU.ActiveCfg = Release|Any CPU
		{4CF3B76E-3521-4B2B-861C-E04D5FF00151}.Release|Any CPU.Build.0 = Release|Any CPU
	EndGlobalSection
	GlobalSection(SolutionProperties) = preSolution
		HideSolutionNode = FALSE
	EndGlobalSection
	GlobalSection(ExtensibilityGlobals) = postSolution
		SolutionGuid = {BB3C0C9B-E62C-4D1B-8550-3D19BA585E96}
	EndGlobalSection
EndGlobal
